{
  "name": "DW_UAS_D1A240083_Gilang Wiratama",
  "lockfileVersion": 3,
  "requires": true,
  "packages": {
    "": {
      "devDependencies": {
        "tailwindjs": "^0.0.0"
      }
    },
    "node_modules/tailwindjs": {
      "version": "0.0.0",
      "resolved": "https://registry.npmjs.org/tailwindjs/-/tailwindjs-0.0.0.tgz",
      "integrity": "sha512-6EKpSYKwnoRh3sbWFaRIfDQvGWmkui0hhXw8qtKJG06/+GRYcx+FIb+6JDbZDuW6HZrVnCvyn3TbpYWYvKpO8Q==",
      "dev": true,
      "license": "MIT"
    }
  }
}
